
Microsoft Visual Studio Solution File, Format Version 12.00
# Visual Studio 14
VisualStudioVersion = 14.0.25123.0
MinimumVisualStudioVersion = 10.0.40219.1
Project("{FAE04EC0-301F-11D3-BF4B-00C04F79EFBC}") = "testing", "testing\testing.csproj", "{8173932B-ABA6-4F25-BA6B-BA1A6D4F35DC}"
EndProject
Project("{FAE04EC0-301F-11D3-BF4B-00C04F79EFBC}") = "testing.Tests", "testing.Tests\testing.Tests.csproj", "{425FCC9A-54D2-453C-8DE5-BC4D583E5C20}"
EndProject
Global
	GlobalSection(SolutionConfigurationPlatforms) = preSolution
		Debug|Any CPU = Debug|Any CPU
		Release|Any CPU = Release|Any CPU
	EndGlobalSection
	GlobalSection(ProjectConfigurationPlatforms) = postSolution
		{8173932B-ABA6-4F25-BA6B-BA1A6D4F35DC}.Debug|Any CPU.ActiveCfg = Debug|Any CPU
		{8173932B-ABA6-4F25-BA6B-BA1A6D4F35DC}.Debug|Any CPU.Build.0 = Debug|Any CPU
		{8173932B-ABA6-4F25-BA6B-BA1A6D4F35DC}.Release|Any CPU.ActiveCfg = Release|Any CPU
		{8173932B-ABA6-4F25-BA6B-BA1A6D4F35DC}.Release|Any CPU.Build.0 = Release|Any CPU
		{425FCC9A-54D2-453C-8DE5-BC4D583E5C20}.Debug|Any CPU.ActiveCfg = Debug|Any CPU
		{425FCC9A-54D2-453C-8DE5-BC4D583E5C20}.Debug|Any CPU.Build.0 = Debug|Any CPU
		{425FCC9A-54D2-453C-8DE5-BC4D583E5C20}.Release|Any CPU.ActiveCfg = Release|Any CPU
		{425FCC9A-54D2-453C-8DE5-BC4D583E5C20}.Release|Any CPU.Build.0 = Release|Any CPU
	EndGlobalSection
	GlobalSection(SolutionProperties) = preSolution
		HideSolutionNode = FALSE
	EndGlobalSection
EndGlobal
